
Microsoft Visual Studio Solution File, Format Version 12.00
# Visual Studio Version 17
VisualStudioVersion = 17.6.33723.286
MinimumVisualStudioVersion = 10.0.40219.1
Project("{8BC9CEB8-8B4A-11D0-8D11-00A0C91BC942}") = "CircularQueues_198", "CircularQueues_198\CircularQueues_198.vcxproj", "{D9BBC37C-73FC-403D-A010-D10F48B91FDD}"
EndProject
Global
	GlobalSection(SolutionConfigurationPlatforms) = preSolution
		Debug|x64 = Debug|x64
		Debug|x86 = Debug|x86
		Release|x64 = Release|x64
		Release|x86 = Release|x86
	EndGlobalSection
	GlobalSection(ProjectConfigurationPlatforms) = postSolution
		{D9BBC37C-73FC-403D-A010-D10F48B91FDD}.Debug|x64.ActiveCfg = Debug|x64
		{D9BBC37C-73FC-403D-A010-D10F48B91FDD}.Debug|x64.Build.0 = Debug|x64
		{D9BBC37C-73FC-403D-A010-D10F48B91FDD}.Debug|x86.ActiveCfg = Debug|Win32
		{D9BBC37C-73FC-403D-A010-D10F48B91FDD}.Debug|x86.Build.0 = Debug|Win32
		{D9BBC37C-73FC-403D-A010-D10F48B91FDD}.Release|x64.ActiveCfg = Release|x64
		{D9BBC37C-73FC-403D-A010-D10F48B91FDD}.Release|x64.Build.0 = Release|x64
		{D9BBC37C-73FC-403D-A010-D10F48B91FDD}.Release|x86.ActiveCfg = Release|Win32
		{D9BBC37C-73FC-403D-A010-D10F48B91FDD}.Release|x86.Build.0 = Release|Win32
	EndGlobalSection
	GlobalSection(SolutionProperties) = preSolution
		HideSolutionNode = FALSE
	EndGlobalSection
	GlobalSection(ExtensibilityGlobals) = postSolution
		SolutionGuid = {AEB60F45-BEFC-4993-B427-B73660E9AE4B}
	EndGlobalSection
EndGlobal
